
Microsoft Visual Studio Solution File, Format Version 12.00
Project("{FAE04EC0-301F-11D3-BF4B-00C04F79EFBC}") = "WowCombatStats.App", "WowCombatStats.App\WowCombatStats.App.csproj", "{9D5DD26A-5204-4F1A-94AB-74BC08C4C45A}"
EndProject
Project("{FAE04EC0-301F-11D3-BF4B-00C04F79EFBC}") = "WowCombatStats.Data", "WowCombatStats.Data\WowCombatStats.Data.csproj", "{97CD1C99-0E72-483C-8676-B50C15731CBB}"
EndProject
Project("{FAE04EC0-301F-11D3-BF4B-00C04F79EFBC}") = "WowCombatStats.Domain", "WowCombatStats.Domain\WowCombatStats.Domain.csproj", "{CF626817-C4BD-4BE6-A30B-28E4BB009720}"
EndProject
Project("{FAE04EC0-301F-11D3-BF4B-00C04F79EFBC}") = "WowCombatStats.Models", "WowCombatStats.Models\WowCombatStats.Models.csproj", "{B976AF5D-6176-4D8C-8493-E75248814F42}"
EndProject
Global
	GlobalSection(SolutionConfigurationPlatforms) = preSolution
		Debug|Any CPU = Debug|Any CPU
		Release|Any CPU = Release|Any CPU
	EndGlobalSection
	GlobalSection(ProjectConfigurationPlatforms) = postSolution
		{9D5DD26A-5204-4F1A-94AB-74BC08C4C45A}.Debug|Any CPU.ActiveCfg = Debug|Any CPU
		{9D5DD26A-5204-4F1A-94AB-74BC08C4C45A}.Debug|Any CPU.Build.0 = Debug|Any CPU
		{9D5DD26A-5204-4F1A-94AB-74BC08C4C45A}.Release|Any CPU.ActiveCfg = Release|Any CPU
		{9D5DD26A-5204-4F1A-94AB-74BC08C4C45A}.Release|Any CPU.Build.0 = Release|Any CPU
		{97CD1C99-0E72-483C-8676-B50C15731CBB}.Debug|Any CPU.ActiveCfg = Debug|Any CPU
		{97CD1C99-0E72-483C-8676-B50C15731CBB}.Debug|Any CPU.Build.0 = Debug|Any CPU
		{97CD1C99-0E72-483C-8676-B50C15731CBB}.Release|Any CPU.ActiveCfg = Release|Any CPU
		{97CD1C99-0E72-483C-8676-B50C15731CBB}.Release|Any CPU.Build.0 = Release|Any CPU
		{CF626817-C4BD-4BE6-A30B-28E4BB009720}.Debug|Any CPU.ActiveCfg = Debug|Any CPU
		{CF626817-C4BD-4BE6-A30B-28E4BB009720}.Debug|Any CPU.Build.0 = Debug|Any CPU
		{CF626817-C4BD-4BE6-A30B-28E4BB009720}.Release|Any CPU.ActiveCfg = Release|Any CPU
		{CF626817-C4BD-4BE6-A30B-28E4BB009720}.Release|Any CPU.Build.0 = Release|Any CPU
		{B976AF5D-6176-4D8C-8493-E75248814F42}.Debug|Any CPU.ActiveCfg = Debug|Any CPU
		{B976AF5D-6176-4D8C-8493-E75248814F42}.Debug|Any CPU.Build.0 = Debug|Any CPU
		{B976AF5D-6176-4D8C-8493-E75248814F42}.Release|Any CPU.ActiveCfg = Release|Any CPU
		{B976AF5D-6176-4D8C-8493-E75248814F42}.Release|Any CPU.Build.0 = Release|Any CPU
	EndGlobalSection
EndGlobal
