
Microsoft Visual Studio Solution File, Format Version 12.00
# Visual Studio Version 17
VisualStudioVersion = 17.0.31717.71
MinimumVisualStudioVersion = 10.0.40219.1
Project("{9A19103F-16F7-4668-BE54-9A1E7A4F7556}") = "WowCombatStats.App", "WowCombatStats.App\WowCombatStats.App.csproj", "{9D5DD26A-5204-4F1A-94AB-74BC08C4C45A}"
EndProject
Project("{9A19103F-16F7-4668-BE54-9A1E7A4F7556}") = "WowCombatStats.Data", "WowCombatStats.Data\WowCombatStats.Data.csproj", "{97CD1C99-0E72-483C-8676-B50C15731CBB}"
EndProject
Project("{9A19103F-16F7-4668-BE54-9A1E7A4F7556}") = "WowCombatStats.Domain", "WowCombatStats.Domain\WowCombatStats.Domain.csproj", "{CF626817-C4BD-4BE6-A30B-28E4BB009720}"
EndProject
Project("{9A19103F-16F7-4668-BE54-9A1E7A4F7556}") = "WowCombatStats.Models", "WowCombatStats.Models\WowCombatStats.Models.csproj", "{B976AF5D-6176-4D8C-8493-E75248814F42}"
EndProject
Global
	GlobalSection(SolutionConfigurationPlatforms) = preSolution
		Debug|Any CPU = Debug|Any CPU
		Release|Any CPU = Release|Any CPU
	EndGlobalSection
	GlobalSection(ProjectConfigurationPlatforms) = postSolution
		{9D5DD26A-5204-4F1A-94AB-74BC08C4C45A}.Debug|Any CPU.ActiveCfg = Debug|Any CPU
		{9D5DD26A-5204-4F1A-94AB-74BC08C4C45A}.Debug|Any CPU.Build.0 = Debug|Any CPU
		{9D5DD26A-5204-4F1A-94AB-74BC08C4C45A}.Release|Any CPU.ActiveCfg = Release|Any CPU
		{9D5DD26A-5204-4F1A-94AB-74BC08C4C45A}.Release|Any CPU.Build.0 = Release|Any CPU
		{97CD1C99-0E72-483C-8676-B50C15731CBB}.Debug|Any CPU.ActiveCfg = Debug|Any CPU
		{97CD1C99-0E72-483C-8676-B50C15731CBB}.Debug|Any CPU.Build.0 = Debug|Any CPU
		{97CD1C99-0E72-483C-8676-B50C15731CBB}.Release|Any CPU.ActiveCfg = Release|Any CPU
		{97CD1C99-0E72-483C-8676-B50C15731CBB}.Release|Any CPU.Build.0 = Release|Any CPU
		{CF626817-C4BD-4BE6-A30B-28E4BB009720}.Debug|Any CPU.ActiveCfg = Debug|Any CPU
		{CF626817-C4BD-4BE6-A30B-28E4BB009720}.Debug|Any CPU.Build.0 = Debug|Any CPU
		{CF626817-C4BD-4BE6-A30B-28E4BB009720}.Release|Any CPU.ActiveCfg = Release|Any CPU
		{CF626817-C4BD-4BE6-A30B-28E4BB009720}.Release|Any CPU.Build.0 = Release|Any CPU
		{B976AF5D-6176-4D8C-8493-E75248814F42}.Debug|Any CPU.ActiveCfg = Debug|Any CPU
		{B976AF5D-6176-4D8C-8493-E75248814F42}.Debug|Any CPU.Build.0 = Debug|Any CPU
		{B976AF5D-6176-4D8C-8493-E75248814F42}.Release|Any CPU.ActiveCfg = Release|Any CPU
		{B976AF5D-6176-4D8C-8493-E75248814F42}.Release|Any CPU.Build.0 = Release|Any CPU
	EndGlobalSection
	GlobalSection(SolutionProperties) = preSolution
		HideSolutionNode = FALSE
	EndGlobalSection
	GlobalSection(ExtensibilityGlobals) = postSolution
		SolutionGuid = {7041813F-7A8E-4A16-8BF4-D69359D3DB7D}
	EndGlobalSection
EndGlobal
